
Microsoft Visual Studio Solution File, Format Version 12.00
# Visual Studio Version 16
VisualStudioVersion = 25.0.1706.0
MinimumVisualStudioVersion = 10.0.40219.1
Project("{FAE04EC0-301F-11D3-BF4B-00C04F79EFBC}") = "PhoneBookExercise", "PhoneBookExercise\PhoneBookExercise.csproj", "{8962E0B8-DFDF-40F6-B108-2209ABE4857A}"
EndProject
Project("{FAE04EC0-301F-11D3-BF4B-00C04F79EFBC}") = "GamesDesign", "GamesDesign\GamesDesign.csproj", "{A809D852-C178-46D1-9EB5-4E48B48EFC13}"
EndProject
Project("{FAE04EC0-301F-11D3-BF4B-00C04F79EFBC}") = "TimedQueueEx", "TimedQueueEx\TimedQueueEx.csproj", "{3374CCEB-29EA-46F6-8A10-B0628BA3BD75}"
EndProject
Project("{FAE04EC0-301F-11D3-BF4B-00C04F79EFBC}") = "TrainExercise", "TrainExercise\TrainExercise.csproj", "{01818434-35D0-49E7-A972-1D34CC4C52EE}"
EndProject
Project("{FAE04EC0-301F-11D3-BF4B-00C04F79EFBC}") = "EventsAndDelage", "arrayEx\EventsAndDelage.csproj", "{FE9A3F71-AB1D-4935-83DC-98680563D2FF}"
EndProject
Project("{FAE04EC0-301F-11D3-BF4B-00C04F79EFBC}") = "TrainPubSub", "TrainPubSub\TrainPubSub.csproj", "{2B285B40-7A78-48A5-AFD7-B3EDA1644BB6}"
EndProject
Project("{FAE04EC0-301F-11D3-BF4B-00C04F79EFBC}") = "GenericCollectionProcessor", "GenericCollectionProcessor\GenericCollectionProcessor.csproj", "{4E95CB88-E06F-48EB-AA42-56C2658B3B5B}"
EndProject
Project("{FAE04EC0-301F-11D3-BF4B-00C04F79EFBC}") = "LinqExercise", "LinqExercise\LinqExercise.csproj", "{07515A16-577E-41FE-A73F-B9CDCC114D68}"
EndProject
Global
	GlobalSection(SolutionConfigurationPlatforms) = preSolution
		Debug|Any CPU = Debug|Any CPU
		Release|Any CPU = Release|Any CPU
	EndGlobalSection
	GlobalSection(ProjectConfigurationPlatforms) = postSolution
		{8962E0B8-DFDF-40F6-B108-2209ABE4857A}.Debug|Any CPU.ActiveCfg = Debug|Any CPU
		{8962E0B8-DFDF-40F6-B108-2209ABE4857A}.Debug|Any CPU.Build.0 = Debug|Any CPU
		{8962E0B8-DFDF-40F6-B108-2209ABE4857A}.Release|Any CPU.ActiveCfg = Release|Any CPU
		{8962E0B8-DFDF-40F6-B108-2209ABE4857A}.Release|Any CPU.Build.0 = Release|Any CPU
		{A809D852-C178-46D1-9EB5-4E48B48EFC13}.Debug|Any CPU.ActiveCfg = Debug|Any CPU
		{A809D852-C178-46D1-9EB5-4E48B48EFC13}.Debug|Any CPU.Build.0 = Debug|Any CPU
		{A809D852-C178-46D1-9EB5-4E48B48EFC13}.Release|Any CPU.ActiveCfg = Release|Any CPU
		{A809D852-C178-46D1-9EB5-4E48B48EFC13}.Release|Any CPU.Build.0 = Release|Any CPU
		{3374CCEB-29EA-46F6-8A10-B0628BA3BD75}.Debug|Any CPU.ActiveCfg = Debug|Any CPU
		{3374CCEB-29EA-46F6-8A10-B0628BA3BD75}.Debug|Any CPU.Build.0 = Debug|Any CPU
		{3374CCEB-29EA-46F6-8A10-B0628BA3BD75}.Release|Any CPU.ActiveCfg = Release|Any CPU
		{3374CCEB-29EA-46F6-8A10-B0628BA3BD75}.Release|Any CPU.Build.0 = Release|Any CPU
		{01818434-35D0-49E7-A972-1D34CC4C52EE}.Debug|Any CPU.ActiveCfg = Debug|Any CPU
		{01818434-35D0-49E7-A972-1D34CC4C52EE}.Debug|Any CPU.Build.0 = Debug|Any CPU
		{01818434-35D0-49E7-A972-1D34CC4C52EE}.Release|Any CPU.ActiveCfg = Release|Any CPU
		{01818434-35D0-49E7-A972-1D34CC4C52EE}.Release|Any CPU.Build.0 = Release|Any CPU
		{FE9A3F71-AB1D-4935-83DC-98680563D2FF}.Debug|Any CPU.ActiveCfg = Debug|Any CPU
		{FE9A3F71-AB1D-4935-83DC-98680563D2FF}.Debug|Any CPU.Build.0 = Debug|Any CPU
		{FE9A3F71-AB1D-4935-83DC-98680563D2FF}.Release|Any CPU.ActiveCfg = Release|Any CPU
		{FE9A3F71-AB1D-4935-83DC-98680563D2FF}.Release|Any CPU.Build.0 = Release|Any CPU
		{2B285B40-7A78-48A5-AFD7-B3EDA1644BB6}.Debug|Any CPU.ActiveCfg = Debug|Any CPU
		{2B285B40-7A78-48A5-AFD7-B3EDA1644BB6}.Debug|Any CPU.Build.0 = Debug|Any CPU
		{2B285B40-7A78-48A5-AFD7-B3EDA1644BB6}.Release|Any CPU.ActiveCfg = Release|Any CPU
		{2B285B40-7A78-48A5-AFD7-B3EDA1644BB6}.Release|Any CPU.Build.0 = Release|Any CPU
		{4E95CB88-E06F-48EB-AA42-56C2658B3B5B}.Debug|Any CPU.ActiveCfg = Debug|Any CPU
		{4E95CB88-E06F-48EB-AA42-56C2658B3B5B}.Debug|Any CPU.Build.0 = Debug|Any CPU
		{4E95CB88-E06F-48EB-AA42-56C2658B3B5B}.Release|Any CPU.ActiveCfg = Release|Any CPU
		{4E95CB88-E06F-48EB-AA42-56C2658B3B5B}.Release|Any CPU.Build.0 = Release|Any CPU
		{07515A16-577E-41FE-A73F-B9CDCC114D68}.Debug|Any CPU.ActiveCfg = Debug|Any CPU
		{07515A16-577E-41FE-A73F-B9CDCC114D68}.Debug|Any CPU.Build.0 = Debug|Any CPU
		{07515A16-577E-41FE-A73F-B9CDCC114D68}.Release|Any CPU.ActiveCfg = Release|Any CPU
		{07515A16-577E-41FE-A73F-B9CDCC114D68}.Release|Any CPU.Build.0 = Release|Any CPU
	EndGlobalSection
	GlobalSection(SolutionProperties) = preSolution
		HideSolutionNode = FALSE
	EndGlobalSection
	GlobalSection(ExtensibilityGlobals) = postSolution
		SolutionGuid = {BD2E486A-B1AD-4BD2-82BD-7F9CA2B7B3A2}
	EndGlobalSection
EndGlobal
